
Microsoft Visual Studio Solution File, Format Version 12.00
# Visual Studio Version 17
VisualStudioVersion = 17.5.33516.290
MinimumVisualStudioVersion = 10.0.40219.1
Project("{8BC9CEB8-8B4A-11D0-8D11-00A0C91BC942}") = "Datastructure_min_heap", "Datastructure_min_heap\Datastructure_min_heap.vcxproj", "{0735B664-1393-418F-943B-2A0FF588E69A}"
EndProject
Global
	GlobalSection(SolutionConfigurationPlatforms) = preSolution
		Debug|x64 = Debug|x64
		Debug|x86 = Debug|x86
		Release|x64 = Release|x64
		Release|x86 = Release|x86
	EndGlobalSection
	GlobalSection(ProjectConfigurationPlatforms) = postSolution
		{0735B664-1393-418F-943B-2A0FF588E69A}.Debug|x64.ActiveCfg = Debug|x64
		{0735B664-1393-418F-943B-2A0FF588E69A}.Debug|x64.Build.0 = Debug|x64
		{0735B664-1393-418F-943B-2A0FF588E69A}.Debug|x86.ActiveCfg = Debug|Win32
		{0735B664-1393-418F-943B-2A0FF588E69A}.Debug|x86.Build.0 = Debug|Win32
		{0735B664-1393-418F-943B-2A0FF588E69A}.Release|x64.ActiveCfg = Release|x64
		{0735B664-1393-418F-943B-2A0FF588E69A}.Release|x64.Build.0 = Release|x64
		{0735B664-1393-418F-943B-2A0FF588E69A}.Release|x86.ActiveCfg = Release|Win32
		{0735B664-1393-418F-943B-2A0FF588E69A}.Release|x86.Build.0 = Release|Win32
	EndGlobalSection
	GlobalSection(SolutionProperties) = preSolution
		HideSolutionNode = FALSE
	EndGlobalSection
	GlobalSection(ExtensibilityGlobals) = postSolution
		SolutionGuid = {295B0445-C6E6-4BC4-B502-90FC303FC642}
	EndGlobalSection
EndGlobal
